
Microsoft Visual Studio Solution File, Format Version 12.00
# Visual Studio Version 17
VisualStudioVersion = 17.2.32630.192
MinimumVisualStudioVersion = 10.0.40219.1
Project("{888888A0-9F3D-457C-B088-3A5042F75D52}") = "100 days of Python", "100 days of Python.pyproj", "{2D2406A7-FED0-4845-BD50-1113688A3AFB}"
EndProject
Global
	GlobalSection(SolutionConfigurationPlatforms) = preSolution
		Debug|Any CPU = Debug|Any CPU
		Release|Any CPU = Release|Any CPU
	EndGlobalSection
	GlobalSection(ProjectConfigurationPlatforms) = postSolution
		{2D2406A7-FED0-4845-BD50-1113688A3AFB}.Debug|Any CPU.ActiveCfg = Debug|Any CPU
		{2D2406A7-FED0-4845-BD50-1113688A3AFB}.Release|Any CPU.ActiveCfg = Release|Any CPU
	EndGlobalSection
	GlobalSection(SolutionProperties) = preSolution
		HideSolutionNode = FALSE
	EndGlobalSection
	GlobalSection(ExtensibilityGlobals) = postSolution
		SolutionGuid = {7B2AAB92-97F8-4CC8-AE7D-185503BD1788}
	EndGlobalSection
EndGlobal
